// !$*UTF8*$!
{
	archiveVersion = 1;
	classes = {
	};
	objectVersion = 46;
	objects = {

/* Begin PBXBuildFile section */
		014D734B98F744D49C10C7F1 /* CoreMotion.framework in Frameworks */ = {isa = PBXBuildFile; fileRef = 214D6A4B64DE4418A3C651A5 /* CoreMotion.framework */; };
		0207DA581B56EA530066E2B4 /* Images.xcassets in Resources */ = {isa = PBXBuildFile; fileRef = 0207DA571B56EA530066E2B4 /* Images.xcassets */; };
		04F004E8C1AC415E9D67A5A1 /* libc++.tbd in Frameworks */ = {isa = PBXBuildFile; fileRef = EEA5A1547A164FC4847AFA59 /* libc++.tbd */; };
		0E604BA8825E41E48BD7FE50 /* AVFoundation.framework in Frameworks */ = {isa = PBXBuildFile; fileRef = 4FD9DE1502784C369A47C4D6 /* AVFoundation.framework */; };
		12BD2514E00C449B8195EB25 /* GoogleMaps.framework in Frameworks */ = {isa = PBXBuildFile; fileRef = 98B0BD29F2814304BDE3F985 /* GoogleMaps.framework */; };
		134E6BD05B854E41838EDE9F /* CoreLocation.framework in Frameworks */ = {isa = PBXBuildFile; fileRef = 7829A4871A10445B8C532104 /* CoreLocation.framework */; };
		14372C815079464CA468E502 /* MessageUI.framework in Frameworks */ = {isa = PBXBuildFile; fileRef = 96FF64CA629E40568676A94B /* MessageUI.framework */; settings = {ATTRIBUTES = (Weak, ); }; };
		1719FEA3FA3447C6A3817298 /* CDVDevice.m in Sources */ = {isa = PBXBuildFile; fileRef = 3A441F4ADFB74BD58F4FA5C1 /* CDVDevice.m */; };
		1786DB60530D4A85A29DE17A /* LN_Reachability.m in Sources */ = {isa = PBXBuildFile; fileRef = CD2B0E65842D48A0A8C1B671 /* LN_Reachability.m */; };
		18F0E0E6ACF64689A493121E /* GoogleMapsCore.framework in Frameworks */ = {isa = PBXBuildFile; fileRef = 64A7792A776B4AF68A38B86B /* GoogleMapsCore.framework */; };
		1D3623260D0F684500981E51 /* AppDelegate.m in Sources */ = {isa = PBXBuildFile; fileRef = 1D3623250D0F684500981E51 /* AppDelegate.m */; };
		1D60589B0D05DD56006BFB54 /* main.m in Sources */ = {isa = PBXBuildFile; fileRef = 29B97316FDCFA39411CA2CEA /* main.m */; };
		2610AC6D1C9D45FA8AA35C90 /* Accelerate.framework in Frameworks */ = {isa = PBXBuildFile; fileRef = F1C1FAE01BC14DF79E8F9B47 /* Accelerate.framework */; };
		301BF552109A68D80062928A /* libCordova.a in Frameworks */ = {isa = PBXBuildFile; fileRef = 301BF535109A57CC0062928A /* libCordova.a */; };
		302D95F114D2391D003F00A1 /* MainViewController.m in Sources */ = {isa = PBXBuildFile; fileRef = 302D95EF14D2391D003F00A1 /* MainViewController.m */; };
		302D95F214D2391D003F00A1 /* MainViewController.xib in Resources */ = {isa = PBXBuildFile; fileRef = 302D95F014D2391D003F00A1 /* MainViewController.xib */; };
		303F423842EC48D3923186F3 /* AddressBook.framework in Frameworks */ = {isa = PBXBuildFile; fileRef = 5D64C2D45CB445B2AC89B4C1 /* AddressBook.framework */; };
		37612BCFBCD8431283F47A1F /* UIKit.framework in Frameworks */ = {isa = PBXBuildFile; fileRef = 32BC246147E243CDA9267ACA /* UIKit.framework */; };
		4AB9DA6A1FA54D5296289062 /* CoreBluetooth.framework in Frameworks */ = {isa = PBXBuildFile; fileRef = 7B5EEB0C5B4D4E99A9E28084 /* CoreBluetooth.framework */; };
		4C995DB246374F62B445B749 /* FBSDKLoginKit.framework in Frameworks */ = {isa = PBXBuildFile; fileRef = 9E956D27A4EC4C088D1BD8C8 /* FBSDKLoginKit.framework */; };
		4D6335025C9A4E41BF846838 /* CoreTelephony.framework in Frameworks */ = {isa = PBXBuildFile; fileRef = E7F18A5F1A1E4226B50C045F /* CoreTelephony.framework */; };
		4DDE082FCCCE4216BA211D3E /* CDVNetworkInterface.m in Sources */ = {isa = PBXBuildFile; fileRef = 8B7B82C4A5834654B25E79AC /* CDVNetworkInterface.m */; };
		4DEC2273170F4233907C2D3F /* CDVLocation.m in Sources */ = {isa = PBXBuildFile; fileRef = 06EEE963555A4FF48E9C5325 /* CDVLocation.m */; };
		4E67DFA75A0F401A8B7DDF0A /* LaunchNavigator.m in Sources */ = {isa = PBXBuildFile; fileRef = D5C8D7FE325648339830AA56 /* LaunchNavigator.m */; };
		4F2B591D0A6A4C9083986962 /* ActionSheet.m in Sources */ = {isa = PBXBuildFile; fileRef = 1884A4E52F6544E8A7E76AFC /* ActionSheet.m */; };
		59C8EA0F2882418E8A805A0E /* CDVViewController+SplashScreen.m in Sources */ = {isa = PBXBuildFile; fileRef = 143F662EB7204E36B59859F1 /* CDVViewController+SplashScreen.m */; };
		5A84A5CF59EE4860ADD29042 /* CDVSplashScreen.m in Sources */ = {isa = PBXBuildFile; fileRef = 33E531F5E9CF488C9855C4BA /* CDVSplashScreen.m */; };
		5D9D6455549547AA911F06C4 /* NSString+SSURLEncoding.m in Sources */ = {isa = PBXBuildFile; fileRef = 24050152539A4EA298B62514 /* NSString+SSURLEncoding.m */; };
		6AFF5BF91D6E424B00AB3073 /* CDVLaunchScreen.storyboard in Resources */ = {isa = PBXBuildFile; fileRef = 6AFF5BF81D6E424B00AB3073 /* CDVLaunchScreen.storyboard */; };
		6D21342EBD374F1E82136D2A /* PhotoViewer.m in Sources */ = {isa = PBXBuildFile; fileRef = 52F72EF279264EC6B9B7B808 /* PhotoViewer.m */; };
		6E07B3958E6944E68698E256 /* CDVTTS.m in Sources */ = {isa = PBXBuildFile; fileRef = 628582D908604918A85040D1 /* CDVTTS.m */; };
		72AE9B2E0AC54B9F88CA1E5B /* FacebookConnectPlugin.m in Sources */ = {isa = PBXBuildFile; fileRef = C81DE0AD7ACC4794BBBC3D22 /* FacebookConnectPlugin.m */; };
		73316754DDBA472FBCB1B323 /* CDVInAppBrowser.m in Sources */ = {isa = PBXBuildFile; fileRef = 5F34ED5BC5A04B869749F655 /* CDVInAppBrowser.m */; };
		77B071ADB1EA45F3A068D897 /* Social.framework in Frameworks */ = {isa = PBXBuildFile; fileRef = 51B32B25806B4C939CFF1298 /* Social.framework */; settings = {ATTRIBUTES = (Weak, ); }; };
		7A4425911F08434396AB99C5 /* CDVStatusBar.m in Sources */ = {isa = PBXBuildFile; fileRef = 2EB6821ED70A4033ACCF63AD /* CDVStatusBar.m */; };
		824BB926CBBE44AF999032D7 /* SystemConfiguration.framework in Frameworks */ = {isa = PBXBuildFile; fileRef = B6901042BCBB421FBA19F5F5 /* SystemConfiguration.framework */; settings = {ATTRIBUTES = (Weak, ); }; };
		8A491C91647C42D68B3BFF85 /* AudioToolbox.framework in Frameworks */ = {isa = PBXBuildFile; fileRef = C751DC5E8B154C1EBABA98A4 /* AudioToolbox.framework */; settings = {ATTRIBUTES = (Weak, ); }; };
		92BCFA3CCA7C42728F8CC3FF /* SocialSharing.m in Sources */ = {isa = PBXBuildFile; fileRef = DA3152C73F114EFEB0EF0941 /* SocialSharing.m */; };
		94C04D16CCDD42C69552C4C3 /* CDVReachability.m in Sources */ = {isa = PBXBuildFile; fileRef = 1540F58DEACD4D80A482607E /* CDVReachability.m */; };
		9756D4A80ECF4D229C3916E5 /* MapKit.framework in Frameworks */ = {isa = PBXBuildFile; fileRef = 7CCD2ABEE5544640B8912BDB /* MapKit.framework */; };
		99039110B19E405D9C58FA0A /* FBSDKCoreKit.framework in Frameworks */ = {isa = PBXBuildFile; fileRef = CB9036808EE546EF9D86B490 /* FBSDKCoreKit.framework */; };
		A4AAFDD1998248D79A6D303B /* NativeGeocoder.swift in Sources */ = {isa = PBXBuildFile; fileRef = F37C45E839FA4A2EBB0BCC6F /* NativeGeocoder.swift */; };
		A6015DC6B35449F4A7C03E12 /* CDVNotification.bundle in Resources */ = {isa = PBXBuildFile; fileRef = 89A23C5A725B4F4AA75800D4 /* CDVNotification.bundle */; };
		B19CFBBD9CD847BEA8F8B541 /* libz.tbd in Frameworks */ = {isa = PBXBuildFile; fileRef = B4DD0BE180F040F5BE514417 /* libz.tbd */; };
		BB22DC3714544C86BB050F4E /* GLKit.framework in Frameworks */ = {isa = PBXBuildFile; fileRef = 3D17DDAC7A2F48A3B0C29958 /* GLKit.framework */; };
		BB84DDC958CA4C30B3A05F86 /* Photos.framework in Frameworks */ = {isa = PBXBuildFile; fileRef = 0216658C58A74914883AEF7A /* Photos.framework */; };
		BBC4F3D136184BCC85435A68 /* CDVConnection.m in Sources */ = {isa = PBXBuildFile; fileRef = 7957B9F6F6CC463D8E8EE7F3 /* CDVConnection.m */; };
		BBD179CDDC694C3EBF0C9CB3 /* EventKit.framework in Frameworks */ = {isa = PBXBuildFile; fileRef = 164BA3014C7E4075B7FE1405 /* EventKit.framework */; };
		BEA5BC643A014894BBE6AE4E /* ImageIO.framework in Frameworks */ = {isa = PBXBuildFile; fileRef = E59F9C2568B048719199C87B /* ImageIO.framework */; };
		BF2EF238041D4AF297CA105B /* GoogleMapsBase.framework in Frameworks */ = {isa = PBXBuildFile; fileRef = B4F7C2E2FC27478DBAD6F4C7 /* GoogleMapsBase.framework */; };
		C2793552A77A43C1A87F42BB /* Diagnostic.m in Sources */ = {isa = PBXBuildFile; fileRef = 1018F77CEB744AEAAF573CFE /* Diagnostic.m */; };
		C27E26CB23574DF5B59A3CAB /* CoreText.framework in Frameworks */ = {isa = PBXBuildFile; fileRef = EE3F7AFEAA7D42EE9F61DD08 /* CoreText.framework */; };
		CC16F75A6D0441E1BA9ABC48 /* GoogleMaps.bundle in Resources */ = {isa = PBXBuildFile; fileRef = EC9C972F3D79451EB29CA4F6 /* GoogleMaps.bundle */; };
		D4B6888E1BC4425DBBB13256 /* CoreData.framework in Frameworks */ = {isa = PBXBuildFile; fileRef = 0AA3DA98EF0B410C928B6DD4 /* CoreData.framework */; };
		D74EF5DC5A1B4A468235B77A /* CoreImage.framework in Frameworks */ = {isa = PBXBuildFile; fileRef = B504C999B3C54810B9AC27DA /* CoreImage.framework */; };
		DD5AE58CC46A4F3C8D94A520 /* Contacts.framework in Frameworks */ = {isa = PBXBuildFile; fileRef = 3034A13965F84177AA33F493 /* Contacts.framework */; };
		E3215FEF6FD34EE8B061290E /* CDVNotification.m in Sources */ = {isa = PBXBuildFile; fileRef = 9A07B796E5DB4D1792B2F216 /* CDVNotification.m */; };
		E51193F41F0E43D795075730 /* NativeSettings.m in Sources */ = {isa = PBXBuildFile; fileRef = CD881927873B4A979B80651C /* NativeSettings.m */; };
		E8BEE843889E422CAC27E224 /* FBSDKShareKit.framework in Frameworks */ = {isa = PBXBuildFile; fileRef = BAFAB9791ABE4A95ABADCCEE /* FBSDKShareKit.framework */; };
		EBD3A146C80943ECB757FB63 /* UserNotifications.framework in Frameworks */ = {isa = PBXBuildFile; fileRef = A1BD0BB49A4342B2877580FA /* UserNotifications.framework */; };
		ECD62FAB801442A9A1762AC7 /* Bolts.framework in Frameworks */ = {isa = PBXBuildFile; fileRef = 9483424506F14995BE8A1812 /* Bolts.framework */; };
		EF919DC0A496425785687BEE /* SpeechRecognition.m in Sources */ = {isa = PBXBuildFile; fileRef = 514BD0ADC53B482FBE2AB0B5 /* SpeechRecognition.m */; };
		F905E24F9BD04A3D9B41B1BC /* Speech.framework in Frameworks */ = {isa = PBXBuildFile; fileRef = 267CF24654D74E5780B71A67 /* Speech.framework */; };
		FA02A97460FF463BBCC470D6 /* OpenGLES.framework in Frameworks */ = {isa = PBXBuildFile; fileRef = 20DE61511E164CFFA7E4EC11 /* OpenGLES.framework */; };
		FB6490358B664F0F8C4ECD0C /* IonicKeyboard.m in Sources */ = {isa = PBXBuildFile; fileRef = CE9B72D948F549D08CC6E5C8 /* IonicKeyboard.m */; };
		FFE4645410D541569CA14DA5 /* QuartzCore.framework in Frameworks */ = {isa = PBXBuildFile; fileRef = 30BCEA225AB04D6D9FCF641B /* QuartzCore.framework */; };
/* End PBXBuildFile section */

/* Begin PBXContainerItemProxy section */
		301BF534109A57CC0062928A /* PBXContainerItemProxy */ = {
			isa = PBXContainerItemProxy;
			containerPortal = 301BF52D109A57CC0062928A /* CordovaLib/CordovaLib.xcodeproj */;
			proxyType = 2;
			remoteGlobalIDString = D2AAC07E0554694100DB518D;
			remoteInfo = CordovaLib;
		};
		301BF550109A68C00062928A /* PBXContainerItemProxy */ = {
			isa = PBXContainerItemProxy;
			containerPortal = 301BF52D109A57CC0062928A /* CordovaLib/CordovaLib.xcodeproj */;
			proxyType = 1;
			remoteGlobalIDString = D2AAC07D0554694100DB518D;
			remoteInfo = CordovaLib;
		};
		6417D9DF20F1559C00C63EBC /* PBXContainerItemProxy */ = {
			isa = PBXContainerItemProxy;
			containerPortal = 301BF52D109A57CC0062928A /* CordovaLib/CordovaLib.xcodeproj */;
			proxyType = 2;
			remoteGlobalIDString = C0C01EB21E3911D50056E6CB;
			remoteInfo = Cordova;
		};
/* End PBXContainerItemProxy section */

/* Begin PBXFileReference section */
		0057AFC16E564FB988ACBB30 /* CDVTTS.h */ = {isa = PBXFileReference; explicitFileType = undefined; fileEncoding = 4; includeInIndex = 0; lastKnownFileType = sourcecode.c.h; name = CDVTTS.h; path = "cordova-plugin-tts/CDVTTS.h"; sourceTree = "<group>"; };
		0207DA571B56EA530066E2B4 /* Images.xcassets */ = {isa = PBXFileReference; lastKnownFileType = folder.assetcatalog; name = Images.xcassets; path = Infox/Images.xcassets; sourceTree = SOURCE_ROOT; };
		0216658C58A74914883AEF7A /* Photos.framework */ = {isa = PBXFileReference; explicitFileType = undefined; fileEncoding = 9; includeInIndex = 0; lastKnownFileType = wrapper.framework; name = Photos.framework; path = System/Library/Frameworks/Photos.framework; sourceTree = SDKROOT; };
		06EEE963555A4FF48E9C5325 /* CDVLocation.m */ = {isa = PBXFileReference; explicitFileType = undefined; fileEncoding = 4; includeInIndex = 0; lastKnownFileType = sourcecode.c.objc; name = CDVLocation.m; path = "cordova-plugin-geolocation/CDVLocation.m"; sourceTree = "<group>"; };
		0AA3DA98EF0B410C928B6DD4 /* CoreData.framework */ = {isa = PBXFileReference; explicitFileType = undefined; fileEncoding = 9; includeInIndex = 0; lastKnownFileType = wrapper.framework; name = CoreData.framework; path = System/Library/Frameworks/CoreData.framework; sourceTree = SDKROOT; };
		1018F77CEB744AEAAF573CFE /* Diagnostic.m */ = {isa = PBXFileReference; explicitFileType = undefined; fileEncoding = 4; includeInIndex = 0; lastKnownFileType = sourcecode.c.objc; name = Diagnostic.m; path = cordova.plugins.diagnostic/Diagnostic.m; sourceTree = "<group>"; };
		143F662EB7204E36B59859F1 /* CDVViewController+SplashScreen.m */ = {isa = PBXFileReference; explicitFileType = undefined; fileEncoding = 4; includeInIndex = 0; lastKnownFileType = sourcecode.c.objc; name = "CDVViewController+SplashScreen.m"; path = "cordova-plugin-splashscreen/CDVViewController+SplashScreen.m"; sourceTree = "<group>"; };
		1540F58DEACD4D80A482607E /* CDVReachability.m */ = {isa = PBXFileReference; explicitFileType = undefined; fileEncoding = 4; includeInIndex = 0; lastKnownFileType = sourcecode.c.objc; name = CDVReachability.m; path = "cordova-plugin-network-information/CDVReachability.m"; sourceTree = "<group>"; };
		164BA3014C7E4075B7FE1405 /* EventKit.framework */ = {isa = PBXFileReference; explicitFileType = undefined; fileEncoding = 9; includeInIndex = 0; lastKnownFileType = wrapper.framework; name = EventKit.framework; path = System/Library/Frameworks/EventKit.framework; sourceTree = SDKROOT; };
		1884A4E52F6544E8A7E76AFC /* ActionSheet.m */ = {isa = PBXFileReference; explicitFileType = undefined; fileEncoding = 4; includeInIndex = 0; lastKnownFileType = sourcecode.c.objc; name = ActionSheet.m; path = "cordova-plugin-actionsheet/ActionSheet.m"; sourceTree = "<group>"; };
		1D3623240D0F684500981E51 /* AppDelegate.h */ = {isa = PBXFileReference; fileEncoding = 4; lastKnownFileType = sourcecode.c.h; path = AppDelegate.h; sourceTree = "<group>"; };
		1D3623250D0F684500981E51 /* AppDelegate.m */ = {isa = PBXFileReference; fileEncoding = 4; lastKnownFileType = sourcecode.c.objc; path = AppDelegate.m; sourceTree = "<group>"; };
		1D6058910D05DD3D006BFB54 /* Infox.app */ = {isa = PBXFileReference; explicitFileType = wrapper.application; includeInIndex = 0; path = Infox.app; sourceTree = BUILT_PRODUCTS_DIR; };
		20DE61511E164CFFA7E4EC11 /* OpenGLES.framework */ = {isa = PBXFileReference; explicitFileType = undefined; fileEncoding = 9; includeInIndex = 0; lastKnownFileType = wrapper.framework; name = OpenGLES.framework; path = System/Library/Frameworks/OpenGLES.framework; sourceTree = SDKROOT; };
		214D6A4B64DE4418A3C651A5 /* CoreMotion.framework */ = {isa = PBXFileReference; explicitFileType = undefined; fileEncoding = 9; includeInIndex = 0; lastKnownFileType = wrapper.framework; name = CoreMotion.framework; path = System/Library/Frameworks/CoreMotion.framework; sourceTree = SDKROOT; };
		24050152539A4EA298B62514 /* NSString+SSURLEncoding.m */ = {isa = PBXFileReference; explicitFileType = undefined; fileEncoding = 4; includeInIndex = 0; lastKnownFileType = sourcecode.c.objc; name = "NSString+SSURLEncoding.m"; path = "cordova-plugin-x-socialsharing/NSString+SSURLEncoding.m"; sourceTree = "<group>"; };
		244EB789461A4B5E85BE675C /* CDVStatusBar.h */ = {isa = PBXFileReference; explicitFileType = undefined; fileEncoding = 4; includeInIndex = 0; lastKnownFileType = sourcecode.c.h; name = CDVStatusBar.h; path = "cordova-plugin-statusbar/CDVStatusBar.h"; sourceTree = "<group>"; };
		267CF24654D74E5780B71A67 /* Speech.framework */ = {isa = PBXFileReference; explicitFileType = undefined; fileEncoding = 9; includeInIndex = 0; lastKnownFileType = wrapper.framework; name = Speech.framework; path = System/Library/Frameworks/Speech.framework; sourceTree = SDKROOT; };
		29B97316FDCFA39411CA2CEA /* main.m */ = {isa = PBXFileReference; fileEncoding = 4; lastKnownFileType = sourcecode.c.objc; path = main.m; sourceTree = "<group>"; };
		2E5D395B704F425A80E6116A /* SocialSharing.h */ = {isa = PBXFileReference; explicitFileType = undefined; fileEncoding = 4; includeInIndex = 0; lastKnownFileType = sourcecode.c.h; name = SocialSharing.h; path = "cordova-plugin-x-socialsharing/SocialSharing.h"; sourceTree = "<group>"; };
		2EB6821ED70A4033ACCF63AD /* CDVStatusBar.m */ = {isa = PBXFileReference; explicitFileType = undefined; fileEncoding = 4; includeInIndex = 0; lastKnownFileType = sourcecode.c.objc; name = CDVStatusBar.m; path = "cordova-plugin-statusbar/CDVStatusBar.m"; sourceTree = "<group>"; };
		301BF52D109A57CC0062928A /* CordovaLib/CordovaLib.xcodeproj */ = {isa = PBXFileReference; lastKnownFileType = "wrapper.pb-project"; path = CordovaLib/CordovaLib.xcodeproj; sourceTree = "<group>"; };
		301BF56E109A69640062928A /* www */ = {isa = PBXFileReference; lastKnownFileType = folder; path = www; sourceTree = SOURCE_ROOT; };
		302D95EE14D2391D003F00A1 /* MainViewController.h */ = {isa = PBXFileReference; fileEncoding = 4; lastKnownFileType = sourcecode.c.h; path = MainViewController.h; sourceTree = "<group>"; };
		302D95EF14D2391D003F00A1 /* MainViewController.m */ = {isa = PBXFileReference; fileEncoding = 4; lastKnownFileType = sourcecode.c.objc; path = MainViewController.m; sourceTree = "<group>"; };
		302D95F014D2391D003F00A1 /* MainViewController.xib */ = {isa = PBXFileReference; fileEncoding = 4; lastKnownFileType = file.xib; path = MainViewController.xib; sourceTree = "<group>"; };
		3034A13965F84177AA33F493 /* Contacts.framework */ = {isa = PBXFileReference; explicitFileType = undefined; fileEncoding = 9; includeInIndex = 0; lastKnownFileType = wrapper.framework; name = Contacts.framework; path = System/Library/Frameworks/Contacts.framework; sourceTree = SDKROOT; };
		3047A50F1AB8059700498E2A /* build-debug.xcconfig */ = {isa = PBXFileReference; fileEncoding = 4; lastKnownFileType = text.xcconfig; name = "build-debug.xcconfig"; path = "cordova/build-debug.xcconfig"; sourceTree = SOURCE_ROOT; };
		3047A5101AB8059700498E2A /* build-release.xcconfig */ = {isa = PBXFileReference; fileEncoding = 4; lastKnownFileType = text.xcconfig; name = "build-release.xcconfig"; path = "cordova/build-release.xcconfig"; sourceTree = SOURCE_ROOT; };
		3047A5111AB8059700498E2A /* build.xcconfig */ = {isa = PBXFileReference; fileEncoding = 4; lastKnownFileType = text.xcconfig; name = build.xcconfig; path = cordova/build.xcconfig; sourceTree = SOURCE_ROOT; };
		30BCEA225AB04D6D9FCF641B /* QuartzCore.framework */ = {isa = PBXFileReference; explicitFileType = undefined; fileEncoding = 9; includeInIndex = 0; lastKnownFileType = wrapper.framework; name = QuartzCore.framework; path = System/Library/Frameworks/QuartzCore.framework; sourceTree = SDKROOT; };
		32BC246147E243CDA9267ACA /* UIKit.framework */ = {isa = PBXFileReference; explicitFileType = undefined; fileEncoding = 9; includeInIndex = 0; lastKnownFileType = wrapper.framework; name = UIKit.framework; path = System/Library/Frameworks/UIKit.framework; sourceTree = SDKROOT; };
		32CA4F630368D1EE00C91783 /* Infox-Prefix.pch */ = {isa = PBXFileReference; fileEncoding = 4; lastKnownFileType = sourcecode.c.h; path = "Infox-Prefix.pch"; sourceTree = "<group>"; };
		33E531F5E9CF488C9855C4BA /* CDVSplashScreen.m */ = {isa = PBXFileReference; explicitFileType = undefined; fileEncoding = 4; includeInIndex = 0; lastKnownFileType = sourcecode.c.objc; name = CDVSplashScreen.m; path = "cordova-plugin-splashscreen/CDVSplashScreen.m"; sourceTree = "<group>"; };
		38CE234A0BE04BE8A3ABAEC9 /* CDVInAppBrowser.h */ = {isa = PBXFileReference; explicitFileType = undefined; fileEncoding = 4; includeInIndex = 0; lastKnownFileType = sourcecode.c.h; name = CDVInAppBrowser.h; path = "cordova-plugin-inappbrowser/CDVInAppBrowser.h"; sourceTree = "<group>"; };
		3A441F4ADFB74BD58F4FA5C1 /* CDVDevice.m */ = {isa = PBXFileReference; explicitFileType = undefined; fileEncoding = 4; includeInIndex = 0; lastKnownFileType = sourcecode.c.objc; name = CDVDevice.m; path = "cordova-plugin-device/CDVDevice.m"; sourceTree = "<group>"; };
		3D17DDAC7A2F48A3B0C29958 /* GLKit.framework */ = {isa = PBXFileReference; explicitFileType = undefined; fileEncoding = 9; includeInIndex = 0; lastKnownFileType = wrapper.framework; name = GLKit.framework; path = System/Library/Frameworks/GLKit.framework; sourceTree = SDKROOT; };
		4FD9DE1502784C369A47C4D6 /* AVFoundation.framework */ = {isa = PBXFileReference; explicitFileType = undefined; fileEncoding = 9; includeInIndex = 0; lastKnownFileType = wrapper.framework; name = AVFoundation.framework; path = System/Library/Frameworks/AVFoundation.framework; sourceTree = SDKROOT; };
		514BD0ADC53B482FBE2AB0B5 /* SpeechRecognition.m */ = {isa = PBXFileReference; explicitFileType = undefined; fileEncoding = 4; includeInIndex = 0; lastKnownFileType = sourcecode.c.objc; name = SpeechRecognition.m; path = "cordova-plugin-speechrecognition/SpeechRecognition.m"; sourceTree = "<group>"; };
		51B32B25806B4C939CFF1298 /* Social.framework */ = {isa = PBXFileReference; explicitFileType = undefined; fileEncoding = 9; includeInIndex = 0; lastKnownFileType = wrapper.framework; name = Social.framework; path = System/Library/Frameworks/Social.framework; sourceTree = SDKROOT; };
		52F72EF279264EC6B9B7B808 /* PhotoViewer.m */ = {isa = PBXFileReference; explicitFileType = undefined; fileEncoding = 4; includeInIndex = 0; lastKnownFileType = sourcecode.c.objc; name = PhotoViewer.m; path = "com-sarriaroman-photoviewer/PhotoViewer.m"; sourceTree = "<group>"; };
		575FC89D4181480E94565988 /* CDVLocation.h */ = {isa = PBXFileReference; explicitFileType = undefined; fileEncoding = 4; includeInIndex = 0; lastKnownFileType = sourcecode.c.h; name = CDVLocation.h; path = "cordova-plugin-geolocation/CDVLocation.h"; sourceTree = "<group>"; };
		57867BB091694AD79E232D3D /* NSString+SSURLEncoding.h */ = {isa = PBXFileReference; explicitFileType = undefined; fileEncoding = 4; includeInIndex = 0; lastKnownFileType = sourcecode.c.h; name = "NSString+SSURLEncoding.h"; path = "cordova-plugin-x-socialsharing/NSString+SSURLEncoding.h"; sourceTree = "<group>"; };
		59241D4997DB46A4A21D6E8B /* CDVViewController+SplashScreen.h */ = {isa = PBXFileReference; explicitFileType = undefined; fileEncoding = 4; includeInIndex = 0; lastKnownFileType = sourcecode.c.h; name = "CDVViewController+SplashScreen.h"; path = "cordova-plugin-splashscreen/CDVViewController+SplashScreen.h"; sourceTree = "<group>"; };
		5D64C2D45CB445B2AC89B4C1 /* AddressBook.framework */ = {isa = PBXFileReference; explicitFileType = undefined; fileEncoding = 9; includeInIndex = 0; lastKnownFileType = wrapper.framework; name = AddressBook.framework; path = System/Library/Frameworks/AddressBook.framework; sourceTree = SDKROOT; };
		5F34ED5BC5A04B869749F655 /* CDVInAppBrowser.m */ = {isa = PBXFileReference; explicitFileType = undefined; fileEncoding = 4; includeInIndex = 0; lastKnownFileType = sourcecode.c.objc; name = CDVInAppBrowser.m; path = "cordova-plugin-inappbrowser/CDVInAppBrowser.m"; sourceTree = "<group>"; };
		628582D908604918A85040D1 /* CDVTTS.m */ = {isa = PBXFileReference; explicitFileType = undefined; fileEncoding = 4; includeInIndex = 0; lastKnownFileType = sourcecode.c.objc; name = CDVTTS.m; path = "cordova-plugin-tts/CDVTTS.m"; sourceTree = "<group>"; };
		64A7792A776B4AF68A38B86B /* GoogleMapsCore.framework */ = {isa = PBXFileReference; explicitFileType = undefined; fileEncoding = 9; includeInIndex = 0; lastKnownFileType = wrapper.framework; name = GoogleMapsCore.framework; path = Infox/Plugins/com.googlemaps.ios/GoogleMapsCore.framework; sourceTree = "<group>"; };
		6AFF5BF81D6E424B00AB3073 /* CDVLaunchScreen.storyboard */ = {isa = PBXFileReference; fileEncoding = 4; lastKnownFileType = file.storyboard; name = CDVLaunchScreen.storyboard; path = Infox/CDVLaunchScreen.storyboard; sourceTree = SOURCE_ROOT; };
		7031BC460719478CB151C800 /* CDVNetworkInterface.h */ = {isa = PBXFileReference; explicitFileType = undefined; fileEncoding = 4; includeInIndex = 0; lastKnownFileType = sourcecode.c.h; name = CDVNetworkInterface.h; path = "cordova-plugin-networkinterface/CDVNetworkInterface.h"; sourceTree = "<group>"; };
		714E781795C641E4B19254E9 /* CDVNotification.h */ = {isa = PBXFileReference; explicitFileType = undefined; fileEncoding = 4; includeInIndex = 0; lastKnownFileType = sourcecode.c.h; name = CDVNotification.h; path = "cordova-plugin-dialogs/CDVNotification.h"; sourceTree = "<group>"; };
		77584FB7C00F4EEAB46BB12F /* SpeechRecognition.h */ = {isa = PBXFileReference; explicitFileType = undefined; fileEncoding = 4; includeInIndex = 0; lastKnownFileType = sourcecode.c.h; name = SpeechRecognition.h; path = "cordova-plugin-speechrecognition/SpeechRecognition.h"; sourceTree = "<group>"; };
		7829A4871A10445B8C532104 /* CoreLocation.framework */ = {isa = PBXFileReference; explicitFileType = undefined; fileEncoding = 9; includeInIndex = 0; lastKnownFileType = wrapper.framework; name = CoreLocation.framework; path = System/Library/Frameworks/CoreLocation.framework; sourceTree = SDKROOT; };
		7957B9F6F6CC463D8E8EE7F3 /* CDVConnection.m */ = {isa = PBXFileReference; explicitFileType = undefined; fileEncoding = 4; includeInIndex = 0; lastKnownFileType = sourcecode.c.objc; name = CDVConnection.m; path = "cordova-plugin-network-information/CDVConnection.m"; sourceTree = "<group>"; };
		7B5EEB0C5B4D4E99A9E28084 /* CoreBluetooth.framework */ = {isa = PBXFileReference; explicitFileType = undefined; fileEncoding = 9; includeInIndex = 0; lastKnownFileType = wrapper.framework; name = CoreBluetooth.framework; path = System/Library/Frameworks/CoreBluetooth.framework; sourceTree = SDKROOT; };
		7CCD2ABEE5544640B8912BDB /* MapKit.framework */ = {isa = PBXFileReference; explicitFileType = undefined; fileEncoding = 9; includeInIndex = 0; lastKnownFileType = wrapper.framework; name = MapKit.framework; path = System/Library/Frameworks/MapKit.framework; sourceTree = SDKROOT; };
		89A23C5A725B4F4AA75800D4 /* CDVNotification.bundle */ = {isa = PBXFileReference; explicitFileType = undefined; fileEncoding = 9; includeInIndex = 0; lastKnownFileType = "wrapper.plug-in"; path = CDVNotification.bundle; sourceTree = "<group>"; };
		8B7B82C4A5834654B25E79AC /* CDVNetworkInterface.m */ = {isa = PBXFileReference; explicitFileType = undefined; fileEncoding = 4; includeInIndex = 0; lastKnownFileType = sourcecode.c.objc; name = CDVNetworkInterface.m; path = "cordova-plugin-networkinterface/CDVNetworkInterface.m"; sourceTree = "<group>"; };
		8D1107310486CEB800E47090 /* Infox-Info.plist */ = {isa = PBXFileReference; fileEncoding = 4; lastKnownFileType = text.plist.xml; name = "Infox-Info.plist"; path = "Infox/Infox-Info.plist"; plistStructureDefinitionIdentifier = "com.apple.xcode.plist.structure-definition.iphone.info-plist"; sourceTree = SOURCE_ROOT; };
		9483424506F14995BE8A1812 /* Bolts.framework */ = {isa = PBXFileReference; explicitFileType = undefined; fileEncoding = 9; includeInIndex = 0; lastKnownFileType = wrapper.framework; name = Bolts.framework; path = "Infox/Plugins/cordova-plugin-facebook4/Bolts.framework"; sourceTree = "<group>"; };
		96FF64CA629E40568676A94B /* MessageUI.framework */ = {isa = PBXFileReference; explicitFileType = undefined; fileEncoding = 9; includeInIndex = 0; lastKnownFileType = wrapper.framework; name = MessageUI.framework; path = System/Library/Frameworks/MessageUI.framework; sourceTree = SDKROOT; };
		98B0BD29F2814304BDE3F985 /* GoogleMaps.framework */ = {isa = PBXFileReference; explicitFileType = undefined; fileEncoding = 9; includeInIndex = 0; lastKnownFileType = wrapper.framework; name = GoogleMaps.framework; path = Infox/Plugins/com.googlemaps.ios/GoogleMaps.framework; sourceTree = "<group>"; };
		98E7340D73BB45E7B1A821C0 /* IonicKeyboard.h */ = {isa = PBXFileReference; explicitFileType = undefined; fileEncoding = 4; includeInIndex = 0; lastKnownFileType = sourcecode.c.h; name = IonicKeyboard.h; path = "ionic-plugin-keyboard/IonicKeyboard.h"; sourceTree = "<group>"; };
		9A07B796E5DB4D1792B2F216 /* CDVNotification.m */ = {isa = PBXFileReference; explicitFileType = undefined; fileEncoding = 4; includeInIndex = 0; lastKnownFileType = sourcecode.c.objc; name = CDVNotification.m; path = "cordova-plugin-dialogs/CDVNotification.m"; sourceTree = "<group>"; };
		9E956D27A4EC4C088D1BD8C8 /* FBSDKLoginKit.framework */ = {isa = PBXFileReference; explicitFileType = undefined; fileEncoding = 9; includeInIndex = 0; lastKnownFileType = wrapper.framework; name = FBSDKLoginKit.framework; path = "Infox/Plugins/cordova-plugin-facebook4/FBSDKLoginKit.framework"; sourceTree = "<group>"; };
		A1BD0BB49A4342B2877580FA /* UserNotifications.framework */ = {isa = PBXFileReference; explicitFileType = undefined; fileEncoding = 9; includeInIndex = 0; lastKnownFileType = wrapper.framework; name = UserNotifications.framework; path = System/Library/Frameworks/UserNotifications.framework; sourceTree = SDKROOT; };
		A763C1F760E54586A7F92950 /* ActionSheet.h */ = {isa = PBXFileReference; explicitFileType = undefined; fileEncoding = 4; includeInIndex = 0; lastKnownFileType = sourcecode.c.h; name = ActionSheet.h; path = "cordova-plugin-actionsheet/ActionSheet.h"; sourceTree = "<group>"; };
		A9D7438E6A17459BA656C110 /* CDVSplashScreen.h */ = {isa = PBXFileReference; explicitFileType = undefined; fileEncoding = 4; includeInIndex = 0; lastKnownFileType = sourcecode.c.h; name = CDVSplashScreen.h; path = "cordova-plugin-splashscreen/CDVSplashScreen.h"; sourceTree = "<group>"; };
		B46056F2B2CB4FBC8EBCDD0B /* LN_Reachability.h */ = {isa = PBXFileReference; explicitFileType = undefined; fileEncoding = 4; includeInIndex = 0; lastKnownFileType = sourcecode.c.h; name = LN_Reachability.h; path = uk.co.workingedge.phonegap.plugin.launchnavigator/LN_Reachability.h; sourceTree = "<group>"; };
		B4DD0BE180F040F5BE514417 /* libz.tbd */ = {isa = PBXFileReference; explicitFileType = undefined; fileEncoding = 9; includeInIndex = 0; lastKnownFileType = "sourcecode.text-based-dylib-definition"; name = libz.tbd; path = usr/lib/libz.tbd; sourceTree = SDKROOT; };
		B4F7C2E2FC27478DBAD6F4C7 /* GoogleMapsBase.framework */ = {isa = PBXFileReference; explicitFileType = undefined; fileEncoding = 9; includeInIndex = 0; lastKnownFileType = wrapper.framework; name = GoogleMapsBase.framework; path = Infox/Plugins/com.googlemaps.ios/GoogleMapsBase.framework; sourceTree = "<group>"; };
		B504C999B3C54810B9AC27DA /* CoreImage.framework */ = {isa = PBXFileReference; explicitFileType = undefined; fileEncoding = 9; includeInIndex = 0; lastKnownFileType = wrapper.framework; name = CoreImage.framework; path = System/Library/Frameworks/CoreImage.framework; sourceTree = SDKROOT; };
		B6901042BCBB421FBA19F5F5 /* SystemConfiguration.framework */ = {isa = PBXFileReference; explicitFileType = undefined; fileEncoding = 9; includeInIndex = 0; lastKnownFileType = wrapper.framework; name = SystemConfiguration.framework; path = System/Library/Frameworks/SystemConfiguration.framework; sourceTree = SDKROOT; };
		BAFAB9791ABE4A95ABADCCEE /* FBSDKShareKit.framework */ = {isa = PBXFileReference; explicitFileType = undefined; fileEncoding = 9; includeInIndex = 0; lastKnownFileType = wrapper.framework; name = FBSDKShareKit.framework; path = "Infox/Plugins/cordova-plugin-facebook4/FBSDKShareKit.framework"; sourceTree = "<group>"; };
		C248E7D3695E4EA6B4039D75 /* CDVReachability.h */ = {isa = PBXFileReference; explicitFileType = undefined; fileEncoding = 4; includeInIndex = 0; lastKnownFileType = sourcecode.c.h; name = CDVReachability.h; path = "cordova-plugin-network-information/CDVReachability.h"; sourceTree = "<group>"; };
		C5F2ED7E2F534E0D9E29239F /* CDVDevice.h */ = {isa = PBXFileReference; explicitFileType = undefined; fileEncoding = 4; includeInIndex = 0; lastKnownFileType = sourcecode.c.h; name = CDVDevice.h; path = "cordova-plugin-device/CDVDevice.h"; sourceTree = "<group>"; };
		C6E94B766F0E4715AF84682B /* NativeGeocoder-Bridging-Header.h */ = {isa = PBXFileReference; explicitFileType = undefined; fileEncoding = 4; includeInIndex = 0; lastKnownFileType = sourcecode.c.h; name = "NativeGeocoder-Bridging-Header.h"; path = "cordova-plugin-nativegeocoder/NativeGeocoder-Bridging-Header.h"; sourceTree = "<group>"; };
		C751DC5E8B154C1EBABA98A4 /* AudioToolbox.framework */ = {isa = PBXFileReference; explicitFileType = undefined; fileEncoding = 9; includeInIndex = 0; lastKnownFileType = wrapper.framework; name = AudioToolbox.framework; path = System/Library/Frameworks/AudioToolbox.framework; sourceTree = SDKROOT; };
		C81DE0AD7ACC4794BBBC3D22 /* FacebookConnectPlugin.m */ = {isa = PBXFileReference; explicitFileType = undefined; fileEncoding = 4; includeInIndex = 0; lastKnownFileType = sourcecode.c.objc; name = FacebookConnectPlugin.m; path = "cordova-plugin-facebook4/FacebookConnectPlugin.m"; sourceTree = "<group>"; };
		CB9036808EE546EF9D86B490 /* FBSDKCoreKit.framework */ = {isa = PBXFileReference; explicitFileType = undefined; fileEncoding = 9; includeInIndex = 0; lastKnownFileType = wrapper.framework; name = FBSDKCoreKit.framework; path = "Infox/Plugins/cordova-plugin-facebook4/FBSDKCoreKit.framework"; sourceTree = "<group>"; };
		CD2B0E65842D48A0A8C1B671 /* LN_Reachability.m */ = {isa = PBXFileReference; explicitFileType = undefined; fileEncoding = 4; includeInIndex = 0; lastKnownFileType = sourcecode.c.objc; name = LN_Reachability.m; path = uk.co.workingedge.phonegap.plugin.launchnavigator/LN_Reachability.m; sourceTree = "<group>"; };
		CD881927873B4A979B80651C /* NativeSettings.m */ = {isa = PBXFileReference; explicitFileType = undefined; fileEncoding = 4; includeInIndex = 0; lastKnownFileType = sourcecode.c.objc; name = NativeSettings.m; path = "cordova-open-native-settings/NativeSettings.m"; sourceTree = "<group>"; };
		CE9B72D948F549D08CC6E5C8 /* IonicKeyboard.m */ = {isa = PBXFileReference; explicitFileType = undefined; fileEncoding = 4; includeInIndex = 0; lastKnownFileType = sourcecode.c.objc; name = IonicKeyboard.m; path = "ionic-plugin-keyboard/IonicKeyboard.m"; sourceTree = "<group>"; };
		D5C8D7FE325648339830AA56 /* LaunchNavigator.m */ = {isa = PBXFileReference; explicitFileType = undefined; fileEncoding = 4; includeInIndex = 0; lastKnownFileType = sourcecode.c.objc; name = LaunchNavigator.m; path = uk.co.workingedge.phonegap.plugin.launchnavigator/LaunchNavigator.m; sourceTree = "<group>"; };
		DA3152C73F114EFEB0EF0941 /* SocialSharing.m */ = {isa = PBXFileReference; explicitFileType = undefined; fileEncoding = 4; includeInIndex = 0; lastKnownFileType = sourcecode.c.objc; name = SocialSharing.m; path = "cordova-plugin-x-socialsharing/SocialSharing.m"; sourceTree = "<group>"; };
		DC47C61FF4FC4CE0999D0785 /* CDVConnection.h */ = {isa = PBXFileReference; explicitFileType = undefined; fileEncoding = 4; includeInIndex = 0; lastKnownFileType = sourcecode.c.h; name = CDVConnection.h; path = "cordova-plugin-network-information/CDVConnection.h"; sourceTree = "<group>"; };
		E59F9C2568B048719199C87B /* ImageIO.framework */ = {isa = PBXFileReference; explicitFileType = undefined; fileEncoding = 9; includeInIndex = 0; lastKnownFileType = wrapper.framework; name = ImageIO.framework; path = System/Library/Frameworks/ImageIO.framework; sourceTree = SDKROOT; };
		E7F18A5F1A1E4226B50C045F /* CoreTelephony.framework */ = {isa = PBXFileReference; explicitFileType = undefined; fileEncoding = 9; includeInIndex = 0; lastKnownFileType = wrapper.framework; name = CoreTelephony.framework; path = System/Library/Frameworks/CoreTelephony.framework; sourceTree = SDKROOT; };
		EB87FDF31871DA8E0020F90C /* www */ = {isa = PBXFileReference; lastKnownFileType = folder; name = www; path = ../../www; sourceTree = "<group>"; };
		EB87FDF41871DAF40020F90C /* config.xml */ = {isa = PBXFileReference; lastKnownFileType = text.xml; name = config.xml; path = ../../config.xml; sourceTree = "<group>"; };
		EC9C972F3D79451EB29CA4F6 /* GoogleMaps.bundle */ = {isa = PBXFileReference; explicitFileType = undefined; fileEncoding = 9; includeInIndex = 0; lastKnownFileType = "wrapper.plug-in"; path = GoogleMaps.bundle; sourceTree = "<group>"; };
		ED33DF2A687741AEAF9F8254 /* Bridging-Header.h */ = {isa = PBXFileReference; fileEncoding = 4; lastKnownFileType = sourcecode.c.h; path = "Bridging-Header.h"; sourceTree = "<group>"; };
		EE3F7AFEAA7D42EE9F61DD08 /* CoreText.framework */ = {isa = PBXFileReference; explicitFileType = undefined; fileEncoding = 9; includeInIndex = 0; lastKnownFileType = wrapper.framework; name = CoreText.framework; path = System/Library/Frameworks/CoreText.framework; sourceTree = SDKROOT; };
		EEA5A1547A164FC4847AFA59 /* libc++.tbd */ = {isa = PBXFileReference; explicitFileType = undefined; fileEncoding = 9; includeInIndex = 0; lastKnownFileType = "sourcecode.text-based-dylib-definition"; name = "libc++.tbd"; path = "usr/lib/libc++.tbd"; sourceTree = SDKROOT; };
		EFD2382835594988A475D94B /* NativeSettings.h */ = {isa = PBXFileReference; explicitFileType = undefined; fileEncoding = 4; includeInIndex = 0; lastKnownFileType = sourcecode.c.h; name = NativeSettings.h; path = "cordova-open-native-settings/NativeSettings.h"; sourceTree = "<group>"; };
		F1C1FAE01BC14DF79E8F9B47 /* Accelerate.framework */ = {isa = PBXFileReference; explicitFileType = undefined; fileEncoding = 9; includeInIndex = 0; lastKnownFileType = wrapper.framework; name = Accelerate.framework; path = System/Library/Frameworks/Accelerate.framework; sourceTree = SDKROOT; };
		F37C45E839FA4A2EBB0BCC6F /* NativeGeocoder.swift */ = {isa = PBXFileReference; explicitFileType = undefined; fileEncoding = 4; includeInIndex = 0; lastKnownFileType = sourcecode.swift; name = NativeGeocoder.swift; path = "cordova-plugin-nativegeocoder/NativeGeocoder.swift"; sourceTree = "<group>"; };
		F3C7187E53004D6896EB41ED /* LaunchNavigator.h */ = {isa = PBXFileReference; explicitFileType = undefined; fileEncoding = 4; includeInIndex = 0; lastKnownFileType = sourcecode.c.h; name = LaunchNavigator.h; path = uk.co.workingedge.phonegap.plugin.launchnavigator/LaunchNavigator.h; sourceTree = "<group>"; };
		F840E1F0165FE0F500CFE078 /* config.xml */ = {isa = PBXFileReference; lastKnownFileType = text.xml; name = config.xml; path = Infox/config.xml; sourceTree = "<group>"; };
		FB329A6EFAE74A1E87B02784 /* Diagnostic.h */ = {isa = PBXFileReference; explicitFileType = undefined; fileEncoding = 4; includeInIndex = 0; lastKnownFileType = sourcecode.c.h; name = Diagnostic.h; path = cordova.plugins.diagnostic/Diagnostic.h; sourceTree = "<group>"; };
		FC0559FFBD7D4C9F80F8E8E9 /* FacebookConnectPlugin.h */ = {isa = PBXFileReference; explicitFileType = undefined; fileEncoding = 4; includeInIndex = 0; lastKnownFileType = sourcecode.c.h; name = FacebookConnectPlugin.h; path = "cordova-plugin-facebook4/FacebookConnectPlugin.h"; sourceTree = "<group>"; };
/* End PBXFileReference section */

/* Begin PBXFrameworksBuildPhase section */
		1D60588F0D05DD3D006BFB54 /* Frameworks */ = {
			isa = PBXFrameworksBuildPhase;
			buildActionMask = 2147483647;
			files = (
				301BF552109A68D80062928A /* libCordova.a in Frameworks */,
				ECD62FAB801442A9A1762AC7 /* Bolts.framework in Frameworks */,
				99039110B19E405D9C58FA0A /* FBSDKCoreKit.framework in Frameworks */,
				4C995DB246374F62B445B749 /* FBSDKLoginKit.framework in Frameworks */,
				E8BEE843889E422CAC27E224 /* FBSDKShareKit.framework in Frameworks */,
				B19CFBBD9CD847BEA8F8B541 /* libz.tbd in Frameworks */,
				134E6BD05B854E41838EDE9F /* CoreLocation.framework in Frameworks */,
				F905E24F9BD04A3D9B41B1BC /* Speech.framework in Frameworks */,
				77B071ADB1EA45F3A068D897 /* Social.framework in Frameworks */,
				14372C815079464CA468E502 /* MessageUI.framework in Frameworks */,
				4AB9DA6A1FA54D5296289062 /* CoreBluetooth.framework in Frameworks */,
				014D734B98F744D49C10C7F1 /* CoreMotion.framework in Frameworks */,
				0E604BA8825E41E48BD7FE50 /* AVFoundation.framework in Frameworks */,
				BB84DDC958CA4C30B3A05F86 /* Photos.framework in Frameworks */,
				303F423842EC48D3923186F3 /* AddressBook.framework in Frameworks */,
				BBD179CDDC694C3EBF0C9CB3 /* EventKit.framework in Frameworks */,
				DD5AE58CC46A4F3C8D94A520 /* Contacts.framework in Frameworks */,
				EBD3A146C80943ECB757FB63 /* UserNotifications.framework in Frameworks */,
				824BB926CBBE44AF999032D7 /* SystemConfiguration.framework in Frameworks */,
				4D6335025C9A4E41BF846838 /* CoreTelephony.framework in Frameworks */,
				8A491C91647C42D68B3BFF85 /* AudioToolbox.framework in Frameworks */,
				9756D4A80ECF4D229C3916E5 /* MapKit.framework in Frameworks */,
				2610AC6D1C9D45FA8AA35C90 /* Accelerate.framework in Frameworks */,
				D4B6888E1BC4425DBBB13256 /* CoreData.framework in Frameworks */,
				C27E26CB23574DF5B59A3CAB /* CoreText.framework in Frameworks */,
				D74EF5DC5A1B4A468235B77A /* CoreImage.framework in Frameworks */,
				BB22DC3714544C86BB050F4E /* GLKit.framework in Frameworks */,
				BEA5BC643A014894BBE6AE4E /* ImageIO.framework in Frameworks */,
				04F004E8C1AC415E9D67A5A1 /* libc++.tbd in Frameworks */,
				FA02A97460FF463BBCC470D6 /* OpenGLES.framework in Frameworks */,
				FFE4645410D541569CA14DA5 /* QuartzCore.framework in Frameworks */,
				37612BCFBCD8431283F47A1F /* UIKit.framework in Frameworks */,
				BF2EF238041D4AF297CA105B /* GoogleMapsBase.framework in Frameworks */,
				12BD2514E00C449B8195EB25 /* GoogleMaps.framework in Frameworks */,
				18F0E0E6ACF64689A493121E /* GoogleMapsCore.framework in Frameworks */,
			);
			runOnlyForDeploymentPostprocessing = 0;
		};
/* End PBXFrameworksBuildPhase section */

/* Begin PBXGroup section */
		080E96DDFE201D6D7F000001 /* Classes */ = {
			isa = PBXGroup;
			children = (
				302D95EE14D2391D003F00A1 /* MainViewController.h */,
				302D95EF14D2391D003F00A1 /* MainViewController.m */,
				302D95F014D2391D003F00A1 /* MainViewController.xib */,
				1D3623240D0F684500981E51 /* AppDelegate.h */,
				1D3623250D0F684500981E51 /* AppDelegate.m */,
			);
			name = Classes;
			path = Infox/Classes;
			sourceTree = SOURCE_ROOT;
		};
		19C28FACFE9D520D11CA2CBB /* Products */ = {
			isa = PBXGroup;
			children = (
				1D6058910D05DD3D006BFB54 /* Infox.app */,
			);
			name = Products;
			sourceTree = "<group>";
		};
		29B97314FDCFA39411CA2CEA /* CustomTemplate */ = {
			isa = PBXGroup;
			children = (
				EB87FDF41871DAF40020F90C /* config.xml */,
				EB87FDF31871DA8E0020F90C /* www */,
				EB87FDF11871DA420020F90C /* Staging */,
				301BF52D109A57CC0062928A /* CordovaLib/CordovaLib.xcodeproj */,
				080E96DDFE201D6D7F000001 /* Classes */,
				307C750510C5A3420062BCA9 /* Plugins */,
				29B97315FDCFA39411CA2CEA /* Other Sources */,
				29B97317FDCFA39411CA2CEA /* Resources */,
				29B97323FDCFA39411CA2CEA /* Frameworks */,
				19C28FACFE9D520D11CA2CBB /* Products */,
			);
			name = CustomTemplate;
			sourceTree = "<group>";
		};
		29B97315FDCFA39411CA2CEA /* Other Sources */ = {
			isa = PBXGroup;
			children = (
				32CA4F630368D1EE00C91783 /* Infox-Prefix.pch */,
				29B97316FDCFA39411CA2CEA /* main.m */,
				ED33DF2A687741AEAF9F8254 /* Bridging-Header.h */,
			);
			name = "Other Sources";
			path = Infox;
			sourceTree = "<group>";
		};
		29B97317FDCFA39411CA2CEA /* Resources */ = {
			isa = PBXGroup;
			children = (
				0207DA571B56EA530066E2B4 /* Images.xcassets */,
				3047A50E1AB8057F00498E2A /* config */,
				8D1107310486CEB800E47090 /* Infox-Info.plist */,
				6AFF5BF81D6E424B00AB3073 /* CDVLaunchScreen.storyboard */,
				89A23C5A725B4F4AA75800D4 /* CDVNotification.bundle */,
				EC9C972F3D79451EB29CA4F6 /* GoogleMaps.bundle */,
			);
			name = Resources;
			path = Infox/Resources;
			sourceTree = "<group>";
		};
		29B97323FDCFA39411CA2CEA /* Frameworks */ = {
			isa = PBXGroup;
			children = (
				9483424506F14995BE8A1812 /* Bolts.framework */,
				CB9036808EE546EF9D86B490 /* FBSDKCoreKit.framework */,
				9E956D27A4EC4C088D1BD8C8 /* FBSDKLoginKit.framework */,
				BAFAB9791ABE4A95ABADCCEE /* FBSDKShareKit.framework */,
				B4DD0BE180F040F5BE514417 /* libz.tbd */,
				7829A4871A10445B8C532104 /* CoreLocation.framework */,
				267CF24654D74E5780B71A67 /* Speech.framework */,
				51B32B25806B4C939CFF1298 /* Social.framework */,
				96FF64CA629E40568676A94B /* MessageUI.framework */,
				7B5EEB0C5B4D4E99A9E28084 /* CoreBluetooth.framework */,
				214D6A4B64DE4418A3C651A5 /* CoreMotion.framework */,
				4FD9DE1502784C369A47C4D6 /* AVFoundation.framework */,
				0216658C58A74914883AEF7A /* Photos.framework */,
				5D64C2D45CB445B2AC89B4C1 /* AddressBook.framework */,
				164BA3014C7E4075B7FE1405 /* EventKit.framework */,
				3034A13965F84177AA33F493 /* Contacts.framework */,
				A1BD0BB49A4342B2877580FA /* UserNotifications.framework */,
				B6901042BCBB421FBA19F5F5 /* SystemConfiguration.framework */,
				E7F18A5F1A1E4226B50C045F /* CoreTelephony.framework */,
				C751DC5E8B154C1EBABA98A4 /* AudioToolbox.framework */,
				7CCD2ABEE5544640B8912BDB /* MapKit.framework */,
				F1C1FAE01BC14DF79E8F9B47 /* Accelerate.framework */,
				0AA3DA98EF0B410C928B6DD4 /* CoreData.framework */,
				EE3F7AFEAA7D42EE9F61DD08 /* CoreText.framework */,
				B504C999B3C54810B9AC27DA /* CoreImage.framework */,
				3D17DDAC7A2F48A3B0C29958 /* GLKit.framework */,
				E59F9C2568B048719199C87B /* ImageIO.framework */,
				EEA5A1547A164FC4847AFA59 /* libc++.tbd */,
				20DE61511E164CFFA7E4EC11 /* OpenGLES.framework */,
				30BCEA225AB04D6D9FCF641B /* QuartzCore.framework */,
				32BC246147E243CDA9267ACA /* UIKit.framework */,
				B4F7C2E2FC27478DBAD6F4C7 /* GoogleMapsBase.framework */,
				98B0BD29F2814304BDE3F985 /* GoogleMaps.framework */,
				64A7792A776B4AF68A38B86B /* GoogleMapsCore.framework */,
			);
			name = Frameworks;
			sourceTree = "<group>";
		};
		301BF52E109A57CC0062928A /* Products */ = {
			isa = PBXGroup;
			children = (
				301BF535109A57CC0062928A /* libCordova.a */,
				6417D9E020F1559C00C63EBC /* Cordova.framework */,
			);
			name = Products;
			sourceTree = "<group>";
		};
		3047A50E1AB8057F00498E2A /* config */ = {
			isa = PBXGroup;
			children = (
				3047A50F1AB8059700498E2A /* build-debug.xcconfig */,
				3047A5101AB8059700498E2A /* build-release.xcconfig */,
				3047A5111AB8059700498E2A /* build.xcconfig */,
			);
			name = config;
			sourceTree = "<group>";
		};
		307C750510C5A3420062BCA9 /* Plugins */ = {
			isa = PBXGroup;
			children = (
				52F72EF279264EC6B9B7B808 /* PhotoViewer.m */,
				CD881927873B4A979B80651C /* NativeSettings.m */,
				EFD2382835594988A475D94B /* NativeSettings.h */,
				1884A4E52F6544E8A7E76AFC /* ActionSheet.m */,
				A763C1F760E54586A7F92950 /* ActionSheet.h */,
				C81DE0AD7ACC4794BBBC3D22 /* FacebookConnectPlugin.m */,
				FC0559FFBD7D4C9F80F8E8E9 /* FacebookConnectPlugin.h */,
				628582D908604918A85040D1 /* CDVTTS.m */,
				0057AFC16E564FB988ACBB30 /* CDVTTS.h */,
				3A441F4ADFB74BD58F4FA5C1 /* CDVDevice.m */,
				C5F2ED7E2F534E0D9E29239F /* CDVDevice.h */,
				33E531F5E9CF488C9855C4BA /* CDVSplashScreen.m */,
				143F662EB7204E36B59859F1 /* CDVViewController+SplashScreen.m */,
				A9D7438E6A17459BA656C110 /* CDVSplashScreen.h */,
				59241D4997DB46A4A21D6E8B /* CDVViewController+SplashScreen.h */,
				2EB6821ED70A4033ACCF63AD /* CDVStatusBar.m */,
				244EB789461A4B5E85BE675C /* CDVStatusBar.h */,
				CE9B72D948F549D08CC6E5C8 /* IonicKeyboard.m */,
				98E7340D73BB45E7B1A821C0 /* IonicKeyboard.h */,
				06EEE963555A4FF48E9C5325 /* CDVLocation.m */,
				575FC89D4181480E94565988 /* CDVLocation.h */,
				5F34ED5BC5A04B869749F655 /* CDVInAppBrowser.m */,
				38CE234A0BE04BE8A3ABAEC9 /* CDVInAppBrowser.h */,
				514BD0ADC53B482FBE2AB0B5 /* SpeechRecognition.m */,
				77584FB7C00F4EEAB46BB12F /* SpeechRecognition.h */,
				24050152539A4EA298B62514 /* NSString+SSURLEncoding.m */,
				DA3152C73F114EFEB0EF0941 /* SocialSharing.m */,
				57867BB091694AD79E232D3D /* NSString+SSURLEncoding.h */,
				2E5D395B704F425A80E6116A /* SocialSharing.h */,
				1018F77CEB744AEAAF573CFE /* Diagnostic.m */,
				FB329A6EFAE74A1E87B02784 /* Diagnostic.h */,
				7957B9F6F6CC463D8E8EE7F3 /* CDVConnection.m */,
				1540F58DEACD4D80A482607E /* CDVReachability.m */,
				DC47C61FF4FC4CE0999D0785 /* CDVConnection.h */,
				C248E7D3695E4EA6B4039D75 /* CDVReachability.h */,
				8B7B82C4A5834654B25E79AC /* CDVNetworkInterface.m */,
				7031BC460719478CB151C800 /* CDVNetworkInterface.h */,
				9A07B796E5DB4D1792B2F216 /* CDVNotification.m */,
				714E781795C641E4B19254E9 /* CDVNotification.h */,
				D5C8D7FE325648339830AA56 /* LaunchNavigator.m */,
				CD2B0E65842D48A0A8C1B671 /* LN_Reachability.m */,
				F3C7187E53004D6896EB41ED /* LaunchNavigator.h */,
				B46056F2B2CB4FBC8EBCDD0B /* LN_Reachability.h */,
				F37C45E839FA4A2EBB0BCC6F /* NativeGeocoder.swift */,
				C6E94B766F0E4715AF84682B /* NativeGeocoder-Bridging-Header.h */,
			);
			name = Plugins;
			path = Infox/Plugins;
			sourceTree = SOURCE_ROOT;
		};
		EB87FDF11871DA420020F90C /* Staging */ = {
			isa = PBXGroup;
			children = (
				F840E1F0165FE0F500CFE078 /* config.xml */,
				301BF56E109A69640062928A /* www */,
			);
			name = Staging;
			sourceTree = "<group>";
		};
/* End PBXGroup section */

/* Begin PBXNativeTarget section */
		1D6058900D05DD3D006BFB54 /* Infox */ = {
			isa = PBXNativeTarget;
			buildConfigurationList = 1D6058960D05DD3E006BFB54 /* Build configuration list for PBXNativeTarget "Infox" */;
			buildPhases = (
				304B58A110DAC018002A0835 /* Copy www directory */,
				1D60588D0D05DD3D006BFB54 /* Resources */,
				1D60588E0D05DD3D006BFB54 /* Sources */,
				1D60588F0D05DD3D006BFB54 /* Frameworks */,
			);
			buildRules = (
			);
			dependencies = (
				301BF551109A68C00062928A /* PBXTargetDependency */,
			);
			name = Infox;
			productName = Infox;
			productReference = 1D6058910D05DD3D006BFB54 /* Infox.app */;
			productType = "com.apple.product-type.application";
		};
/* End PBXNativeTarget section */

/* Begin PBXProject section */
		29B97313FDCFA39411CA2CEA /* Project object */ = {
			isa = PBXProject;
			attributes = {
				LastUpgradeCheck = 510;
				TargetAttributes = {
					1D6058900D05DD3D006BFB54 = {
						DevelopmentTeam = M9L7YBWRVV;
					};
				};
			};
			buildConfigurationList = C01FCF4E08A954540054247B /* Build configuration list for PBXProject "Infox" */;
			compatibilityVersion = "Xcode 3.2";
			developmentRegion = English;
			hasScannedForEncodings = 1;
			knownRegions = (
				en,
			);
			mainGroup = 29B97314FDCFA39411CA2CEA /* CustomTemplate */;
			projectDirPath = "";
			projectReferences = (
				{
					ProductGroup = 301BF52E109A57CC0062928A /* Products */;
					ProjectRef = 301BF52D109A57CC0062928A /* CordovaLib/CordovaLib.xcodeproj */;
				},
			);
			projectRoot = "";
			targets = (
				1D6058900D05DD3D006BFB54 /* Infox */,
			);
		};
/* End PBXProject section */

/* Begin PBXReferenceProxy section */
		301BF535109A57CC0062928A /* libCordova.a */ = {
			isa = PBXReferenceProxy;
			fileType = archive.ar;
			path = libCordova.a;
			remoteRef = 301BF534109A57CC0062928A /* PBXContainerItemProxy */;
			sourceTree = BUILT_PRODUCTS_DIR;
		};
		6417D9E020F1559C00C63EBC /* Cordova.framework */ = {
			isa = PBXReferenceProxy;
			fileType = wrapper.framework;
			path = Cordova.framework;
			remoteRef = 6417D9DF20F1559C00C63EBC /* PBXContainerItemProxy */;
			sourceTree = BUILT_PRODUCTS_DIR;
		};
/* End PBXReferenceProxy section */

/* Begin PBXResourcesBuildPhase section */
		1D60588D0D05DD3D006BFB54 /* Resources */ = {
			isa = PBXResourcesBuildPhase;
			buildActionMask = 2147483647;
			files = (
				302D95F214D2391D003F00A1 /* MainViewController.xib in Resources */,
				0207DA581B56EA530066E2B4 /* Images.xcassets in Resources */,
				6AFF5BF91D6E424B00AB3073 /* CDVLaunchScreen.storyboard in Resources */,
				A6015DC6B35449F4A7C03E12 /* CDVNotification.bundle in Resources */,
				CC16F75A6D0441E1BA9ABC48 /* GoogleMaps.bundle in Resources */,
			);
			runOnlyForDeploymentPostprocessing = 0;
		};
/* End PBXResourcesBuildPhase section */

/* Begin PBXShellScriptBuildPhase section */
		304B58A110DAC018002A0835 /* Copy www directory */ = {
			isa = PBXShellScriptBuildPhase;
			buildActionMask = 2147483647;
			files = (
			);
			inputPaths = (
			);
			name = "Copy www directory";
			outputPaths = (
			);
			runOnlyForDeploymentPostprocessing = 0;
			shellPath = /bin/sh;
			shellScript = "NODEJS_PATH=/usr/local/bin; NVM_NODE_PATH=~/.nvm/versions/node/`nvm version 2>/dev/null`/bin; N_NODE_PATH=`find /usr/local/n/versions/node/* -maxdepth 0 -type d 2>/dev/null | tail -1`/bin; XCODE_NODE_PATH=`xcode-select --print-path`/usr/share/xcs/Node/bin; PATH=$NODEJS_PATH:$NVM_NODE_PATH:$N_NODE_PATH:$XCODE_NODE_PATH:$PATH && node cordova/lib/copy-www-build-step.js";
			showEnvVarsInLog = 0;
		};
/* End PBXShellScriptBuildPhase section */

/* Begin PBXSourcesBuildPhase section */
		1D60588E0D05DD3D006BFB54 /* Sources */ = {
			isa = PBXSourcesBuildPhase;
			buildActionMask = 2147483647;
			files = (
				1D60589B0D05DD56006BFB54 /* main.m in Sources */,
				1D3623260D0F684500981E51 /* AppDelegate.m in Sources */,
				302D95F114D2391D003F00A1 /* MainViewController.m in Sources */,
				6D21342EBD374F1E82136D2A /* PhotoViewer.m in Sources */,
				E51193F41F0E43D795075730 /* NativeSettings.m in Sources */,
				4F2B591D0A6A4C9083986962 /* ActionSheet.m in Sources */,
				72AE9B2E0AC54B9F88CA1E5B /* FacebookConnectPlugin.m in Sources */,
				6E07B3958E6944E68698E256 /* CDVTTS.m in Sources */,
				1719FEA3FA3447C6A3817298 /* CDVDevice.m in Sources */,
				5A84A5CF59EE4860ADD29042 /* CDVSplashScreen.m in Sources */,
				59C8EA0F2882418E8A805A0E /* CDVViewController+SplashScreen.m in Sources */,
				7A4425911F08434396AB99C5 /* CDVStatusBar.m in Sources */,
				FB6490358B664F0F8C4ECD0C /* IonicKeyboard.m in Sources */,
				4DEC2273170F4233907C2D3F /* CDVLocation.m in Sources */,
				73316754DDBA472FBCB1B323 /* CDVInAppBrowser.m in Sources */,
				EF919DC0A496425785687BEE /* SpeechRecognition.m in Sources */,
				5D9D6455549547AA911F06C4 /* NSString+SSURLEncoding.m in Sources */,
				92BCFA3CCA7C42728F8CC3FF /* SocialSharing.m in Sources */,
				C2793552A77A43C1A87F42BB /* Diagnostic.m in Sources */,
				BBC4F3D136184BCC85435A68 /* CDVConnection.m in Sources */,
				94C04D16CCDD42C69552C4C3 /* CDVReachability.m in Sources */,
				4DDE082FCCCE4216BA211D3E /* CDVNetworkInterface.m in Sources */,
				E3215FEF6FD34EE8B061290E /* CDVNotification.m in Sources */,
				4E67DFA75A0F401A8B7DDF0A /* LaunchNavigator.m in Sources */,
				1786DB60530D4A85A29DE17A /* LN_Reachability.m in Sources */,
				A4AAFDD1998248D79A6D303B /* NativeGeocoder.swift in Sources */,
			);
			runOnlyForDeploymentPostprocessing = 0;
		};
/* End PBXSourcesBuildPhase section */

/* Begin PBXTargetDependency section */
		301BF551109A68C00062928A /* PBXTargetDependency */ = {
			isa = PBXTargetDependency;
			name = CordovaLib;
			targetProxy = 301BF550109A68C00062928A /* PBXContainerItemProxy */;
		};
/* End PBXTargetDependency section */

/* Begin XCBuildConfiguration section */
		1D6058940D05DD3E006BFB54 /* Debug */ = {
			isa = XCBuildConfiguration;
			baseConfigurationReference = 3047A50F1AB8059700498E2A /* build-debug.xcconfig */;
			buildSettings = {
				ALWAYS_SEARCH_USER_PATHS = NO;
				ASSETCATALOG_COMPILER_APPICON_NAME = AppIcon;
				ASSETCATALOG_COMPILER_LAUNCHIMAGE_NAME = LaunchImage;
				CLANG_ENABLE_MODULES = YES;
				CLANG_ENABLE_OBJC_ARC = YES;
				COPY_PHASE_STRIP = NO;
				DEVELOPMENT_TEAM = M9L7YBWRVV;
				FRAMEWORK_SEARCH_PATHS = (
					"$(inherited)",
					"\"Infox/Plugins/cordova-plugin-facebook4\"",
					"\"Infox/Plugins/cordova-plugin-facebook4\"",
					"\"Infox/Plugins/cordova-plugin-facebook4\"",
					"\"Infox/Plugins/cordova-plugin-facebook4\"",
					"\"Infox/Plugins/com.googlemaps.ios\"",
					"\"Infox/Plugins/com.googlemaps.ios\"",
					"\"Infox/Plugins/com.googlemaps.ios\"",
				);
				GCC_DYNAMIC_NO_PIC = NO;
				GCC_OPTIMIZATION_LEVEL = 0;
				GCC_PRECOMPILE_PREFIX_HEADER = YES;
				GCC_PREFIX_HEADER = "Infox/Infox-Prefix.pch";
				GCC_THUMB_SUPPORT = NO;
				GCC_VERSION = "";
				INFOPLIST_FILE = "Infox/Infox-Info.plist";
				IPHONEOS_DEPLOYMENT_TARGET = 9.0;
				LD_RUNPATH_SEARCH_PATHS = "@executable_path/Frameworks";
				PRODUCT_NAME = Infox;
				SWIFT_VERSION = 3.0;
				TARGETED_DEVICE_FAMILY = "1,2";
			};
			name = Debug;
		};
		1D6058950D05DD3E006BFB54 /* Release */ = {
			isa = XCBuildConfiguration;
			baseConfigurationReference = 3047A5101AB8059700498E2A /* build-release.xcconfig */;
			buildSettings = {
				ALWAYS_SEARCH_USER_PATHS = NO;
				ASSETCATALOG_COMPILER_APPICON_NAME = AppIcon;
				ASSETCATALOG_COMPILER_LAUNCHIMAGE_NAME = LaunchImage;
				CLANG_ENABLE_MODULES = YES;
				CLANG_ENABLE_OBJC_ARC = YES;
				COPY_PHASE_STRIP = YES;
				DEVELOPMENT_TEAM = M9L7YBWRVV;
				FRAMEWORK_SEARCH_PATHS = (
					"$(inherited)",
					"\"Infox/Plugins/cordova-plugin-facebook4\"",
					"\"Infox/Plugins/cordova-plugin-facebook4\"",
					"\"Infox/Plugins/cordova-plugin-facebook4\"",
					"\"Infox/Plugins/cordova-plugin-facebook4\"",
					"\"Infox/Plugins/com.googlemaps.ios\"",
					"\"Infox/Plugins/com.googlemaps.ios\"",
					"\"Infox/Plugins/com.googlemaps.ios\"",
				);
				GCC_PRECOMPILE_PREFIX_HEADER = YES;
				GCC_PREFIX_HEADER = "Infox/Infox-Prefix.pch";
				GCC_THUMB_SUPPORT = NO;
				GCC_VERSION = "";
				INFOPLIST_FILE = "Infox/Infox-Info.plist";
				IPHONEOS_DEPLOYMENT_TARGET = 9.0;
				LD_RUNPATH_SEARCH_PATHS = "@executable_path/Frameworks";
				PRODUCT_NAME = Infox;
				SWIFT_VERSION = 3.0;
				TARGETED_DEVICE_FAMILY = "1,2";
			};
			name = Release;
		};
		C01FCF4F08A954540054247B /* Debug */ = {
			isa = XCBuildConfiguration;
			baseConfigurationReference = 3047A5111AB8059700498E2A /* build.xcconfig */;
			buildSettings = {
				CLANG_ENABLE_MODULES = YES;
				CLANG_ENABLE_OBJC_ARC = YES;
				CLANG_WARN_BOOL_CONVERSION = YES;
				CLANG_WARN_CONSTANT_CONVERSION = YES;
				CLANG_WARN_EMPTY_BODY = YES;
				CLANG_WARN_ENUM_CONVERSION = YES;
				CLANG_WARN_INT_CONVERSION = YES;
				CLANG_WARN__DUPLICATE_METHOD_MATCH = YES;
				GCC_C_LANGUAGE_STANDARD = c99;
				GCC_THUMB_SUPPORT = NO;
				GCC_VERSION = "";
				GCC_WARN_ABOUT_RETURN_TYPE = YES;
				GCC_WARN_UNDECLARED_SELECTOR = YES;
				GCC_WARN_UNINITIALIZED_AUTOS = YES;
				GCC_WARN_UNUSED_FUNCTION = YES;
				GCC_WARN_UNUSED_VARIABLE = YES;
				ONLY_ACTIVE_ARCH = YES;
				SDKROOT = iphoneos;
				SKIP_INSTALL = NO;
			};
			name = Debug;
		};
		C01FCF5008A954540054247B /* Release */ = {
			isa = XCBuildConfiguration;
			baseConfigurationReference = 3047A5111AB8059700498E2A /* build.xcconfig */;
			buildSettings = {
				CLANG_ENABLE_MODULES = YES;
				CLANG_ENABLE_OBJC_ARC = YES;
				CLANG_WARN_BOOL_CONVERSION = YES;
				CLANG_WARN_CONSTANT_CONVERSION = YES;
				CLANG_WARN_EMPTY_BODY = YES;
				CLANG_WARN_ENUM_CONVERSION = YES;
				CLANG_WARN_INT_CONVERSION = YES;
				CLANG_WARN__DUPLICATE_METHOD_MATCH = YES;
				GCC_C_LANGUAGE_STANDARD = c99;
				GCC_THUMB_SUPPORT = NO;
				GCC_VERSION = "";
				GCC_WARN_ABOUT_RETURN_TYPE = YES;
				GCC_WARN_UNDECLARED_SELECTOR = YES;
				GCC_WARN_UNINITIALIZED_AUTOS = YES;
				GCC_WARN_UNUSED_FUNCTION = YES;
				GCC_WARN_UNUSED_VARIABLE = YES;
				SDKROOT = iphoneos;
				SKIP_INSTALL = NO;
			};
			name = Release;
		};
/* End XCBuildConfiguration section */

/* Begin XCConfigurationList section */
		1D6058960D05DD3E006BFB54 /* Build configuration list for PBXNativeTarget "Infox" */ = {
			isa = XCConfigurationList;
			buildConfigurations = (
				1D6058940D05DD3E006BFB54 /* Debug */,
				1D6058950D05DD3E006BFB54 /* Release */,
			);
			defaultConfigurationIsVisible = 0;
			defaultConfigurationName = Release;
		};
		C01FCF4E08A954540054247B /* Build configuration list for PBXProject "Infox" */ = {
			isa = XCConfigurationList;
			buildConfigurations = (
				C01FCF4F08A954540054247B /* Debug */,
				C01FCF5008A954540054247B /* Release */,
			);
			defaultConfigurationIsVisible = 0;
			defaultConfigurationName = Release;
		};
/* End XCConfigurationList section */
	};
	rootObject = 29B97313FDCFA39411CA2CEA /* Project object */;
}
